
Microsoft Visual Studio Solution File, Format Version 12.00
# Visual Studio Version 17
VisualStudioVersion = 17.11.35208.52
MinimumVisualStudioVersion = 10.0.40219.1
Project("{FAE04EC0-301F-11D3-BF4B-00C04F79EFBC}") = "HabitBoost", "HabitBoost\HabitBoost.csproj", "{CCA38A5B-7992-4245-89D0-F6B87940F05F}"
EndProject
Project("{FAE04EC0-301F-11D3-BF4B-00C04F79EFBC}") = "User", "Game\User.csproj", "{076FCF51-13FD-4C6A-83DE-DDA7D6574A84}"
EndProject
Global
	GlobalSection(SolutionConfigurationPlatforms) = preSolution
		Debug|Any CPU = Debug|Any CPU
		Release|Any CPU = Release|Any CPU
	EndGlobalSection
	GlobalSection(ProjectConfigurationPlatforms) = postSolution
		{CCA38A5B-7992-4245-89D0-F6B87940F05F}.Debug|Any CPU.ActiveCfg = Debug|Any CPU
		{CCA38A5B-7992-4245-89D0-F6B87940F05F}.Debug|Any CPU.Build.0 = Debug|Any CPU
		{CCA38A5B-7992-4245-89D0-F6B87940F05F}.Release|Any CPU.ActiveCfg = Release|Any CPU
		{CCA38A5B-7992-4245-89D0-F6B87940F05F}.Release|Any CPU.Build.0 = Release|Any CPU
		{076FCF51-13FD-4C6A-83DE-DDA7D6574A84}.Debug|Any CPU.ActiveCfg = Debug|Any CPU
		{076FCF51-13FD-4C6A-83DE-DDA7D6574A84}.Debug|Any CPU.Build.0 = Debug|Any CPU
		{076FCF51-13FD-4C6A-83DE-DDA7D6574A84}.Release|Any CPU.ActiveCfg = Release|Any CPU
		{076FCF51-13FD-4C6A-83DE-DDA7D6574A84}.Release|Any CPU.Build.0 = Release|Any CPU
	EndGlobalSection
	GlobalSection(SolutionProperties) = preSolution
		HideSolutionNode = FALSE
	EndGlobalSection
	GlobalSection(ExtensibilityGlobals) = postSolution
		SolutionGuid = {DD208AF5-0A63-4785-B777-C1283BCC2FE2}
	EndGlobalSection
EndGlobal
